
Microsoft Visual Studio Solution File, Format Version 12.00
# Visual Studio Version 16
VisualStudioVersion = 16.0.29728.190
MinimumVisualStudioVersion = 10.0.40219.1
Project("{FAE04EC0-301F-11D3-BF4B-00C04F79EFBC}") = "FurnitureADO", "FurnitureADO\FurnitureADO.csproj", "{09063132-8D2A-44E4-A928-68F69C1BE160}"
EndProject
Project("{FAE04EC0-301F-11D3-BF4B-00C04F79EFBC}") = "FactoryDAL", "FactoryDAL\FactoryDAL.csproj", "{B4A90924-97F5-4F91-9658-BBD938608124}"
EndProject
Global
	GlobalSection(SolutionConfigurationPlatforms) = preSolution
		Debug|Any CPU = Debug|Any CPU
		Release|Any CPU = Release|Any CPU
	EndGlobalSection
	GlobalSection(ProjectConfigurationPlatforms) = postSolution
		{09063132-8D2A-44E4-A928-68F69C1BE160}.Debug|Any CPU.ActiveCfg = Debug|Any CPU
		{09063132-8D2A-44E4-A928-68F69C1BE160}.Debug|Any CPU.Build.0 = Debug|Any CPU
		{09063132-8D2A-44E4-A928-68F69C1BE160}.Release|Any CPU.ActiveCfg = Release|Any CPU
		{09063132-8D2A-44E4-A928-68F69C1BE160}.Release|Any CPU.Build.0 = Release|Any CPU
		{B4A90924-97F5-4F91-9658-BBD938608124}.Debug|Any CPU.ActiveCfg = Debug|Any CPU
		{B4A90924-97F5-4F91-9658-BBD938608124}.Debug|Any CPU.Build.0 = Debug|Any CPU
		{B4A90924-97F5-4F91-9658-BBD938608124}.Release|Any CPU.ActiveCfg = Release|Any CPU
		{B4A90924-97F5-4F91-9658-BBD938608124}.Release|Any CPU.Build.0 = Release|Any CPU
	EndGlobalSection
	GlobalSection(SolutionProperties) = preSolution
		HideSolutionNode = FALSE
	EndGlobalSection
	GlobalSection(ExtensibilityGlobals) = postSolution
		SolutionGuid = {8FCBC3FF-C157-4F98-B208-C61D071969B8}
	EndGlobalSection
EndGlobal
